
Microsoft Visual Studio Solution File, Format Version 12.00
# Visual Studio Version 17
VisualStudioVersion = 17.0.31903.59
MinimumVisualStudioVersion = 10.0.40219.1
Project("{FAE04EC0-301F-11D3-BF4B-00C04F79EFBC}") = "EvalLab.AppHost", "EvalLab.AppHost\EvalLab.AppHost.csproj", "{19C2F6D8-7659-4F86-A356-420373C85FAA}"
EndProject
Project("{FAE04EC0-301F-11D3-BF4B-00C04F79EFBC}") = "EvalLab.API", "EvalLab.API\EvalLab.API.csproj", "{CE61C67E-D7A2-4C71-B3C8-A589635E39EB}"
EndProject
Project("{FAE04EC0-301F-11D3-BF4B-00C04F79EFBC}") = "EvalLab.ServiceDefaults", "EvalLab.ServiceDefaults\EvalLab.ServiceDefaults.csproj", "{F7CAF040-8B68-4CF5-AFE3-E3323D116EE1}"
EndProject
Project("{FAE04EC0-301F-11D3-BF4B-00C04F79EFBC}") = "EvalLab.TracesAPI", "EvalLab.TracesAPI\EvalLab.TracesAPI.csproj", "{36205F75-0870-48AF-9DB3-6DFEE54958AE}"
EndProject
Global
	GlobalSection(SolutionConfigurationPlatforms) = preSolution
		Debug|Any CPU = Debug|Any CPU
		Release|Any CPU = Release|Any CPU
	EndGlobalSection
	GlobalSection(SolutionProperties) = preSolution
		HideSolutionNode = FALSE
	EndGlobalSection
	GlobalSection(ProjectConfigurationPlatforms) = postSolution
		{19C2F6D8-7659-4F86-A356-420373C85FAA}.Debug|Any CPU.ActiveCfg = Debug|Any CPU
		{19C2F6D8-7659-4F86-A356-420373C85FAA}.Debug|Any CPU.Build.0 = Debug|Any CPU
		{19C2F6D8-7659-4F86-A356-420373C85FAA}.Release|Any CPU.ActiveCfg = Release|Any CPU
		{19C2F6D8-7659-4F86-A356-420373C85FAA}.Release|Any CPU.Build.0 = Release|Any CPU
		{CE61C67E-D7A2-4C71-B3C8-A589635E39EB}.Debug|Any CPU.ActiveCfg = Debug|Any CPU
		{CE61C67E-D7A2-4C71-B3C8-A589635E39EB}.Debug|Any CPU.Build.0 = Debug|Any CPU
		{CE61C67E-D7A2-4C71-B3C8-A589635E39EB}.Release|Any CPU.ActiveCfg = Release|Any CPU
		{CE61C67E-D7A2-4C71-B3C8-A589635E39EB}.Release|Any CPU.Build.0 = Release|Any CPU
		{F7CAF040-8B68-4CF5-AFE3-E3323D116EE1}.Debug|Any CPU.ActiveCfg = Debug|Any CPU
		{F7CAF040-8B68-4CF5-AFE3-E3323D116EE1}.Debug|Any CPU.Build.0 = Debug|Any CPU
		{F7CAF040-8B68-4CF5-AFE3-E3323D116EE1}.Release|Any CPU.ActiveCfg = Release|Any CPU
		{F7CAF040-8B68-4CF5-AFE3-E3323D116EE1}.Release|Any CPU.Build.0 = Release|Any CPU
		{36205F75-0870-48AF-9DB3-6DFEE54958AE}.Debug|Any CPU.ActiveCfg = Debug|Any CPU
		{36205F75-0870-48AF-9DB3-6DFEE54958AE}.Debug|Any CPU.Build.0 = Debug|Any CPU
		{36205F75-0870-48AF-9DB3-6DFEE54958AE}.Release|Any CPU.ActiveCfg = Release|Any CPU
		{36205F75-0870-48AF-9DB3-6DFEE54958AE}.Release|Any CPU.Build.0 = Release|Any CPU
	EndGlobalSection
EndGlobal
